
Microsoft Visual Studio Solution File, Format Version 12.00
# Visual Studio Version 16
VisualStudioVersion = 16.0.33328.57
MinimumVisualStudioVersion = 10.0.40219.1
Project("{FAE04EC0-301F-11D3-BF4B-00C04F79EFBC}") = "ATM", "ATM\ATM.csproj", "{D3DA49C8-0699-434B-AD70-255A116EF389}"
EndProject
Global
	GlobalSection(SolutionConfigurationPlatforms) = preSolution
		Debug|Any CPU = Debug|Any CPU
		Release|Any CPU = Release|Any CPU
	EndGlobalSection
	GlobalSection(ProjectConfigurationPlatforms) = postSolution
		{D3DA49C8-0699-434B-AD70-255A116EF389}.Debug|Any CPU.ActiveCfg = Debug|Any CPU
		{D3DA49C8-0699-434B-AD70-255A116EF389}.Debug|Any CPU.Build.0 = Debug|Any CPU
		{D3DA49C8-0699-434B-AD70-255A116EF389}.Release|Any CPU.ActiveCfg = Release|Any CPU
		{D3DA49C8-0699-434B-AD70-255A116EF389}.Release|Any CPU.Build.0 = Release|Any CPU
	EndGlobalSection
	GlobalSection(SolutionProperties) = preSolution
		HideSolutionNode = FALSE
	EndGlobalSection
	GlobalSection(ExtensibilityGlobals) = postSolution
		SolutionGuid = {A589A020-1158-4D32-834D-F9C711162627}
	EndGlobalSection
EndGlobal
